// !$*UTF8*$!
{
	archiveVersion = 1;
	classes = {
	};
	objectVersion = 56;
	objects = {

/* Begin PBXBuildFile section */
		75B7B9B32CAD4C4000DA54E1 /* Auth in Frameworks */ = {isa = PBXBuildFile; productRef = 75B7B9B22CAD4C4000DA54E1 /* Auth */; };
		75B7B9B52CAD4C4000DA54E1 /* Functions in Frameworks */ = {isa = PBXBuildFile; productRef = 75B7B9B42CAD4C4000DA54E1 /* Functions */; };
		75B7B9B72CAD4C4000DA54E1 /* PostgREST in Frameworks */ = {isa = PBXBuildFile; productRef = 75B7B9B62CAD4C4000DA54E1 /* PostgREST */; };
		75B7B9B92CAD4C4000DA54E1 /* Realtime in Frameworks */ = {isa = PBXBuildFile; productRef = 75B7B9B82CAD4C4000DA54E1 /* Realtime */; };
		75B7B9BB2CAD4C4000DA54E1 /* Storage in Frameworks */ = {isa = PBXBuildFile; productRef = 75B7B9BA2CAD4C4000DA54E1 /* Storage */; };
		75B7B9BE2CAD4ED800DA54E1 /* Supabase in Frameworks */ = {isa = PBXBuildFile; productRef = 75B7B9BD2CAD4ED800DA54E1 /* Supabase */; };
		B0996EC32C9979F0009050EB /* AppDelegate.swift in Sources */ = {isa = PBXBuildFile; fileRef = B0996EC22C9979F0009050EB /* AppDelegate.swift */; };
		B0996EC52C9979F0009050EB /* SceneDelegate.swift in Sources */ = {isa = PBXBuildFile; fileRef = B0996EC42C9979F0009050EB /* SceneDelegate.swift */; };
		B0996EC72C9979F0009050EB /* ViewController.swift in Sources */ = {isa = PBXBuildFile; fileRef = B0996EC62C9979F0009050EB /* ViewController.swift */; };
		B0996ECA2C9979F0009050EB /* Main.storyboard in Resources */ = {isa = PBXBuildFile; fileRef = B0996EC82C9979F0009050EB /* Main.storyboard */; };
		B0996ECD2C9979F0009050EB /* testt.xcdatamodeld in Sources */ = {isa = PBXBuildFile; fileRef = B0996ECB2C9979F0009050EB /* testt.xcdatamodeld */; };
		B0996ECF2C9979F1009050EB /* Assets.xcassets in Resources */ = {isa = PBXBuildFile; fileRef = B0996ECE2C9979F1009050EB /* Assets.xcassets */; };
		B0996ED22C9979F1009050EB /* LaunchScreen.storyboard in Resources */ = {isa = PBXBuildFile; fileRef = B0996ED02C9979F1009050EB /* LaunchScreen.storyboard */; };
		B0996EDA2C998D67009050EB /* SignUpViewController.swift in Sources */ = {isa = PBXBuildFile; fileRef = B0996ED92C998D67009050EB /* SignUpViewController.swift */; };
		B0CCC9AB2CA2CED900FF5739 /* displaydetails.swift in Sources */ = {isa = PBXBuildFile; fileRef = B0CCC9AA2CA2CED900FF5739 /* displaydetails.swift */; };
		B0D83BF72C9AE1AC00CE4D69 /* TViewController.swift in Sources */ = {isa = PBXBuildFile; fileRef = B0D83BF62C9AE1AC00CE4D69 /* TViewController.swift */; };
/* End PBXBuildFile section */

/* Begin PBXFileReference section */
		B0996EBF2C9979F0009050EB /* testt.app */ = {isa = PBXFileReference; explicitFileType = wrapper.application; includeInIndex = 0; path = testt.app; sourceTree = BUILT_PRODUCTS_DIR; };
		B0996EC22C9979F0009050EB /* AppDelegate.swift */ = {isa = PBXFileReference; lastKnownFileType = sourcecode.swift; path = AppDelegate.swift; sourceTree = "<group>"; };
		B0996EC42C9979F0009050EB /* SceneDelegate.swift */ = {isa = PBXFileReference; lastKnownFileType = sourcecode.swift; path = SceneDelegate.swift; sourceTree = "<group>"; };
		B0996EC62C9979F0009050EB /* ViewController.swift */ = {isa = PBXFileReference; lastKnownFileType = sourcecode.swift; path = ViewController.swift; sourceTree = "<group>"; };
		B0996EC92C9979F0009050EB /* Base */ = {isa = PBXFileReference; lastKnownFileType = file.storyboard; name = Base; path = Base.lproj/Main.storyboard; sourceTree = "<group>"; };
		B0996ECC2C9979F0009050EB /* testt.xcdatamodel */ = {isa = PBXFileReference; lastKnownFileType = wrapper.xcdatamodel; path = testt.xcdatamodel; sourceTree = "<group>"; };
		B0996ECE2C9979F1009050EB /* Assets.xcassets */ = {isa = PBXFileReference; lastKnownFileType = folder.assetcatalog; path = Assets.xcassets; sourceTree = "<group>"; };
		B0996ED12C9979F1009050EB /* Base */ = {isa = PBXFileReference; lastKnownFileType = file.storyboard; name = Base; path = Base.lproj/LaunchScreen.storyboard; sourceTree = "<group>"; };
		B0996ED92C998D67009050EB /* SignUpViewController.swift */ = {isa = PBXFileReference; lastKnownFileType = sourcecode.swift; path = SignUpViewController.swift; sourceTree = "<group>"; };
		B0CCC9AA2CA2CED900FF5739 /* displaydetails.swift */ = {isa = PBXFileReference; lastKnownFileType = sourcecode.swift; path = displaydetails.swift; sourceTree = "<group>"; };
		B0D83BF62C9AE1AC00CE4D69 /* TViewController.swift */ = {isa = PBXFileReference; lastKnownFileType = sourcecode.swift; path = TViewController.swift; sourceTree = "<group>"; };
/* End PBXFileReference section */

/* Begin PBXFrameworksBuildPhase section */
		B0996EBC2C9979F0009050EB /* Frameworks */ = {
			isa = PBXFrameworksBuildPhase;
			buildActionMask = 2147483647;
			files = (
				75B7B9B72CAD4C4000DA54E1 /* PostgREST in Frameworks */,
				75B7B9B52CAD4C4000DA54E1 /* Functions in Frameworks */,
				75B7B9BE2CAD4ED800DA54E1 /* Supabase in Frameworks */,
				75B7B9B32CAD4C4000DA54E1 /* Auth in Frameworks */,
				75B7B9BB2CAD4C4000DA54E1 /* Storage in Frameworks */,
				75B7B9B92CAD4C4000DA54E1 /* Realtime in Frameworks */,
			);
			runOnlyForDeploymentPostprocessing = 0;
		};
/* End PBXFrameworksBuildPhase section */

/* Begin PBXGroup section */
		B0996EB62C9979F0009050EB = {
			isa = PBXGroup;
			children = (
				B0CCC9AA2CA2CED900FF5739 /* displaydetails.swift */,
				B0996EC12C9979F0009050EB /* testt */,
				B0996EC02C9979F0009050EB /* Products */,
			);
			sourceTree = "<group>";
		};
		B0996EC02C9979F0009050EB /* Products */ = {
			isa = PBXGroup;
			children = (
				B0996EBF2C9979F0009050EB /* testt.app */,
			);
			name = Products;
			sourceTree = "<group>";
		};
		B0996EC12C9979F0009050EB /* testt */ = {
			isa = PBXGroup;
			children = (
				B0996EC22C9979F0009050EB /* AppDelegate.swift */,
				B0996EC42C9979F0009050EB /* SceneDelegate.swift */,
				B0996EC62C9979F0009050EB /* ViewController.swift */,
				B0996EC82C9979F0009050EB /* Main.storyboard */,
				B0996ECE2C9979F1009050EB /* Assets.xcassets */,
				B0996ED02C9979F1009050EB /* LaunchScreen.storyboard */,
				B0996ECB2C9979F0009050EB /* testt.xcdatamodeld */,
				B0996ED92C998D67009050EB /* SignUpViewController.swift */,
				B0D83BF62C9AE1AC00CE4D69 /* TViewController.swift */,
			);
			path = testt;
			sourceTree = "<group>";
		};
/* End PBXGroup section */

/* Begin PBXNativeTarget section */
		B0996EBE2C9979F0009050EB /* testt */ = {
			isa = PBXNativeTarget;
			buildConfigurationList = B0996ED62C9979F1009050EB /* Build configuration list for PBXNativeTarget "testt" */;
			buildPhases = (
				B0996EBB2C9979F0009050EB /* Sources */,
				B0996EBC2C9979F0009050EB /* Frameworks */,
				B0996EBD2C9979F0009050EB /* Resources */,
			);
			buildRules = (
			);
			dependencies = (
			);
			name = testt;
			productName = testt;
			productReference = B0996EBF2C9979F0009050EB /* testt.app */;
			productType = "com.apple.product-type.application";
		};
/* End PBXNativeTarget section */

/* Begin PBXProject section */
		B0996EB72C9979F0009050EB /* Project object */ = {
			isa = PBXProject;
			attributes = {
				BuildIndependentTargetsInParallel = 1;
				LastSwiftUpdateCheck = 1410;
				LastUpgradeCheck = 1410;
				TargetAttributes = {
					B0996EBE2C9979F0009050EB = {
						CreatedOnToolsVersion = 14.1;
					};
				};
			};
			buildConfigurationList = B0996EBA2C9979F0009050EB /* Build configuration list for PBXProject "testt" */;
			compatibilityVersion = "Xcode 14.0";
			developmentRegion = en;
			hasScannedForEncodings = 0;
			knownRegions = (
				en,
				Base,
			);
			mainGroup = B0996EB62C9979F0009050EB;
			packageReferences = (
				75B7B9B12CAD4C4000DA54E1 /* XCRemoteSwiftPackageReference "supabase-swift" */,
			);
			productRefGroup = B0996EC02C9979F0009050EB /* Products */;
			projectDirPath = "";
			projectRoot = "";
			targets = (
				B0996EBE2C9979F0009050EB /* testt */,
			);
		};
/* End PBXProject section */

/* Begin PBXResourcesBuildPhase section */
		B0996EBD2C9979F0009050EB /* Resources */ = {
			isa = PBXResourcesBuildPhase;
			buildActionMask = 2147483647;
			files = (
				B0996ED22C9979F1009050EB /* LaunchScreen.storyboard in Resources */,
				B0996ECF2C9979F1009050EB /* Assets.xcassets in Resources */,
				B0996ECA2C9979F0009050EB /* Main.storyboard in Resources */,
			);
			runOnlyForDeploymentPostprocessing = 0;
		};
/* End PBXResourcesBuildPhase section */

/* Begin PBXSourcesBuildPhase section */
		B0996EBB2C9979F0009050EB /* Sources */ = {
			isa = PBXSourcesBuildPhase;
			buildActionMask = 2147483647;
			files = (
				B0CCC9AB2CA2CED900FF5739 /* displaydetails.swift in Sources */,
				B0996EC72C9979F0009050EB /* ViewController.swift in Sources */,
				B0D83BF72C9AE1AC00CE4D69 /* TViewController.swift in Sources */,
				B0996EC32C9979F0009050EB /* AppDelegate.swift in Sources */,
				B0996ECD2C9979F0009050EB /* testt.xcdatamodeld in Sources */,
				B0996EC52C9979F0009050EB /* SceneDelegate.swift in Sources */,
				B0996EDA2C998D67009050EB /* SignUpViewController.swift in Sources */,
			);
			runOnlyForDeploymentPostprocessing = 0;
		};
/* End PBXSourcesBuildPhase section */

/* Begin PBXVariantGroup section */
		B0996EC82C9979F0009050EB /* Main.storyboard */ = {
			isa = PBXVariantGroup;
			children = (
				B0996EC92C9979F0009050EB /* Base */,
			);
			name = Main.storyboard;
			sourceTree = "<group>";
		};
		B0996ED02C9979F1009050EB /* LaunchScreen.storyboard */ = {
			isa = PBXVariantGroup;
			children = (
				B0996ED12C9979F1009050EB /* Base */,
			);
			name = LaunchScreen.storyboard;
			sourceTree = "<group>";
		};
/* End PBXVariantGroup section */

/* Begin XCBuildConfiguration section */
		B0996ED42C9979F1009050EB /* Debug */ = {
			isa = XCBuildConfiguration;
			buildSettings = {
				ALWAYS_SEARCH_USER_PATHS = NO;
				CLANG_ANALYZER_NONNULL = YES;
				CLANG_ANALYZER_NUMBER_OBJECT_CONVERSION = YES_AGGRESSIVE;
				CLANG_CXX_LANGUAGE_STANDARD = "gnu++20";
				CLANG_ENABLE_MODULES = YES;
				CLANG_ENABLE_OBJC_ARC = YES;
				CLANG_ENABLE_OBJC_WEAK = YES;
				CLANG_WARN_BLOCK_CAPTURE_AUTORELEASING = YES;
				CLANG_WARN_BOOL_CONVERSION = YES;
				CLANG_WARN_COMMA = YES;
				CLANG_WARN_CONSTANT_CONVERSION = YES;
				CLANG_WARN_DEPRECATED_OBJC_IMPLEMENTATIONS = YES;
				CLANG_WARN_DIRECT_OBJC_ISA_USAGE = YES_ERROR;
				CLANG_WARN_DOCUMENTATION_COMMENTS = YES;
				CLANG_WARN_EMPTY_BODY = YES;
				CLANG_WARN_ENUM_CONVERSION = YES;
				CLANG_WARN_INFINITE_RECURSION = YES;
				CLANG_WARN_INT_CONVERSION = YES;
				CLANG_WARN_NON_LITERAL_NULL_CONVERSION = YES;
				CLANG_WARN_OBJC_IMPLICIT_RETAIN_SELF = YES;
				CLANG_WARN_OBJC_LITERAL_CONVERSION = YES;
				CLANG_WARN_OBJC_ROOT_CLASS = YES_ERROR;
				CLANG_WARN_QUOTED_INCLUDE_IN_FRAMEWORK_HEADER = YES;
				CLANG_WARN_RANGE_LOOP_ANALYSIS = YES;
				CLANG_WARN_STRICT_PROTOTYPES = YES;
				CLANG_WARN_SUSPICIOUS_MOVE = YES;
				CLANG_WARN_UNGUARDED_AVAILABILITY = YES_AGGRESSIVE;
				CLANG_WARN_UNREACHABLE_CODE = YES;
				CLANG_WARN__DUPLICATE_METHOD_MATCH = YES;
				COPY_PHASE_STRIP = NO;
				DEBUG_INFORMATION_FORMAT = dwarf;
				ENABLE_STRICT_OBJC_MSGSEND = YES;
				ENABLE_TESTABILITY = YES;
				GCC_C_LANGUAGE_STANDARD = gnu11;
				GCC_DYNAMIC_NO_PIC = NO;
				GCC_NO_COMMON_BLOCKS = YES;
				GCC_OPTIMIZATION_LEVEL = 0;
				GCC_PREPROCESSOR_DEFINITIONS = (
					"DEBUG=1",
					"$(inherited)",
				);
				GCC_WARN_64_TO_32_BIT_CONVERSION = YES;
				GCC_WARN_ABOUT_RETURN_TYPE = YES_ERROR;
				GCC_WARN_UNDECLARED_SELECTOR = YES;
				GCC_WARN_UNINITIALIZED_AUTOS = YES_AGGRESSIVE;
				GCC_WARN_UNUSED_FUNCTION = YES;
				GCC_WARN_UNUSED_VARIABLE = YES;
				IPHONEOS_DEPLOYMENT_TARGET = 16.1;
				MTL_ENABLE_DEBUG_INFO = INCLUDE_SOURCE;
				MTL_FAST_MATH = YES;
				ONLY_ACTIVE_ARCH = YES;
				SDKROOT = iphoneos;
				SWIFT_ACTIVE_COMPILATION_CONDITIONS = DEBUG;
				SWIFT_OPTIMIZATION_LEVEL = "-Onone";
			};
			name = Debug;
		};
		B0996ED52C9979F1009050EB /* Release */ = {
			isa = XCBuildConfiguration;
			buildSettings = {
				ALWAYS_SEARCH_USER_PATHS = NO;
				CLANG_ANALYZER_NONNULL = YES;
				CLANG_ANALYZER_NUMBER_OBJECT_CONVERSION = YES_AGGRESSIVE;
				CLANG_CXX_LANGUAGE_STANDARD = "gnu++20";
				CLANG_ENABLE_MODULES = YES;
				CLANG_ENABLE_OBJC_ARC = YES;
				CLANG_ENABLE_OBJC_WEAK = YES;
				CLANG_WARN_BLOCK_CAPTURE_AUTORELEASING = YES;
				CLANG_WARN_BOOL_CONVERSION = YES;
				CLANG_WARN_COMMA = YES;
				CLANG_WARN_CONSTANT_CONVERSION = YES;
				CLANG_WARN_DEPRECATED_OBJC_IMPLEMENTATIONS = YES;
				CLANG_WARN_DIRECT_OBJC_ISA_USAGE = YES_ERROR;
				CLANG_WARN_DOCUMENTATION_COMMENTS = YES;
				CLANG_WARN_EMPTY_BODY = YES;
				CLANG_WARN_ENUM_CONVERSION = YES;
				CLANG_WARN_INFINITE_RECURSION = YES;
				CLANG_WARN_INT_CONVERSION = YES;
				CLANG_WARN_NON_LITERAL_NULL_CONVERSION = YES;
				CLANG_WARN_OBJC_IMPLICIT_RETAIN_SELF = YES;
				CLANG_WARN_OBJC_LITERAL_CONVERSION = YES;
				CLANG_WARN_OBJC_ROOT_CLASS = YES_ERROR;
				CLANG_WARN_QUOTED_INCLUDE_IN_FRAMEWORK_HEADER = YES;
				CLANG_WARN_RANGE_LOOP_ANALYSIS = YES;
				CLANG_WARN_STRICT_PROTOTYPES = YES;
				CLANG_WARN_SUSPICIOUS_MOVE = YES;
				CLANG_WARN_UNGUARDED_AVAILABILITY = YES_AGGRESSIVE;
				CLANG_WARN_UNREACHABLE_CODE = YES;
				CLANG_WARN__DUPLICATE_METHOD_MATCH = YES;
				COPY_PHASE_STRIP = NO;
				DEBUG_INFORMATION_FORMAT = "dwarf-with-dsym";
				ENABLE_NS_ASSERTIONS = NO;
				ENABLE_STRICT_OBJC_MSGSEND = YES;
				GCC_C_LANGUAGE_STANDARD = gnu11;
				GCC_NO_COMMON_BLOCKS = YES;
				GCC_WARN_64_TO_32_BIT_CONVERSION = YES;
				GCC_WARN_ABOUT_RETURN_TYPE = YES_ERROR;
				GCC_WARN_UNDECLARED_SELECTOR = YES;
				GCC_WARN_UNINITIALIZED_AUTOS = YES_AGGRESSIVE;
				GCC_WARN_UNUSED_FUNCTION = YES;
				GCC_WARN_UNUSED_VARIABLE = YES;
				IPHONEOS_DEPLOYMENT_TARGET = 16.1;
				MTL_ENABLE_DEBUG_INFO = NO;
				MTL_FAST_MATH = YES;
				SDKROOT = iphoneos;
				SWIFT_COMPILATION_MODE = wholemodule;
				SWIFT_OPTIMIZATION_LEVEL = "-O";
				VALIDATE_PRODUCT = YES;
			};
			name = Release;
		};
		B0996ED72C9979F1009050EB /* Debug */ = {
			isa = XCBuildConfiguration;
			buildSettings = {
				ASSETCATALOG_COMPILER_APPICON_NAME = AppIcon;
				ASSETCATALOG_COMPILER_GLOBAL_ACCENT_COLOR_NAME = AccentColor;
				CODE_SIGN_STYLE = Automatic;
				CURRENT_PROJECT_VERSION = 1;
				DEVELOPMENT_TEAM = WF9MVB64DC;
				GENERATE_INFOPLIST_FILE = YES;
				INFOPLIST_FILE = testt/Info.plist;
				INFOPLIST_KEY_UIApplicationSupportsIndirectInputEvents = YES;
				INFOPLIST_KEY_UILaunchStoryboardName = LaunchScreen;
				INFOPLIST_KEY_UIMainStoryboardFile = Main;
				INFOPLIST_KEY_UISupportedInterfaceOrientations_iPad = "UIInterfaceOrientationPortrait UIInterfaceOrientationPortraitUpsideDown UIInterfaceOrientationLandscapeLeft UIInterfaceOrientationLandscapeRight";
				INFOPLIST_KEY_UISupportedInterfaceOrientations_iPhone = "UIInterfaceOrientationPortrait UIInterfaceOrientationLandscapeLeft UIInterfaceOrientationLandscapeRight";
				LD_RUNPATH_SEARCH_PATHS = (
					"$(inherited)",
					"@executable_path/Frameworks",
				);
				MARKETING_VERSION = 1.0;
				PRODUCT_BUNDLE_IDENTIFIER = zz.sk.testt;
				PRODUCT_NAME = "$(TARGET_NAME)";
				SWIFT_EMIT_LOC_STRINGS = YES;
				SWIFT_VERSION = 5.0;
				TARGETED_DEVICE_FAMILY = "1,2";
			};
			name = Debug;
		};
		B0996ED82C9979F1009050EB /* Release */ = {
			isa = XCBuildConfiguration;
			buildSettings = {
				ASSETCATALOG_COMPILER_APPICON_NAME = AppIcon;
				ASSETCATALOG_COMPILER_GLOBAL_ACCENT_COLOR_NAME = AccentColor;
				CODE_SIGN_STYLE = Automatic;
				CURRENT_PROJECT_VERSION = 1;
				DEVELOPMENT_TEAM = WF9MVB64DC;
				GENERATE_INFOPLIST_FILE = YES;
				INFOPLIST_FILE = testt/Info.plist;
				INFOPLIST_KEY_UIApplicationSupportsIndirectInputEvents = YES;
				INFOPLIST_KEY_UILaunchStoryboardName = LaunchScreen;
				INFOPLIST_KEY_UIMainStoryboardFile = Main;
				INFOPLIST_KEY_UISupportedInterfaceOrientations_iPad = "UIInterfaceOrientationPortrait UIInterfaceOrientationPortraitUpsideDown UIInterfaceOrientationLandscapeLeft UIInterfaceOrientationLandscapeRight";
				INFOPLIST_KEY_UISupportedInterfaceOrientations_iPhone = "UIInterfaceOrientationPortrait UIInterfaceOrientationLandscapeLeft UIInterfaceOrientationLandscapeRight";
				LD_RUNPATH_SEARCH_PATHS = (
					"$(inherited)",
					"@executable_path/Frameworks",
				);
				MARKETING_VERSION = 1.0;
				PRODUCT_BUNDLE_IDENTIFIER = zz.sk.testt;
				PRODUCT_NAME = "$(TARGET_NAME)";
				SWIFT_EMIT_LOC_STRINGS = YES;
				SWIFT_VERSION = 5.0;
				TARGETED_DEVICE_FAMILY = "1,2";
			};
			name = Release;
		};
/* End XCBuildConfiguration section */

/* Begin XCConfigurationList section */
		B0996EBA2C9979F0009050EB /* Build configuration list for PBXProject "testt" */ = {
			isa = XCConfigurationList;
			buildConfigurations = (
				B0996ED42C9979F1009050EB /* Debug */,
				B0996ED52C9979F1009050EB /* Release */,
			);
			defaultConfigurationIsVisible = 0;
			defaultConfigurationName = Release;
		};
		B0996ED62C9979F1009050EB /* Build configuration list for PBXNativeTarget "testt" */ = {
			isa = XCConfigurationList;
			buildConfigurations = (
				B0996ED72C9979F1009050EB /* Debug */,
				B0996ED82C9979F1009050EB /* Release */,
			);
			defaultConfigurationIsVisible = 0;
			defaultConfigurationName = Release;
		};
/* End XCConfigurationList section */

/* Begin XCRemoteSwiftPackageReference section */
		75B7B9B12CAD4C4000DA54E1 /* XCRemoteSwiftPackageReference "supabase-swift" */ = {
			isa = XCRemoteSwiftPackageReference;
			repositoryURL = "https://github.com/supabase-community/supabase-swift";
			requirement = {
				kind = upToNextMajorVersion;
				minimumVersion = 2.5.1;
			};
		};
/* End XCRemoteSwiftPackageReference section */

/* Begin XCSwiftPackageProductDependency section */
		75B7B9B22CAD4C4000DA54E1 /* Auth */ = {
			isa = XCSwiftPackageProductDependency;
			package = 75B7B9B12CAD4C4000DA54E1 /* XCRemoteSwiftPackageReference "supabase-swift" */;
			productName = Auth;
		};
		75B7B9B42CAD4C4000DA54E1 /* Functions */ = {
			isa = XCSwiftPackageProductDependency;
			package = 75B7B9B12CAD4C4000DA54E1 /* XCRemoteSwiftPackageReference "supabase-swift" */;
			productName = Functions;
		};
		75B7B9B62CAD4C4000DA54E1 /* PostgREST */ = {
			isa = XCSwiftPackageProductDependency;
			package = 75B7B9B12CAD4C4000DA54E1 /* XCRemoteSwiftPackageReference "supabase-swift" */;
			productName = PostgREST;
		};
		75B7B9B82CAD4C4000DA54E1 /* Realtime */ = {
			isa = XCSwiftPackageProductDependency;
			package = 75B7B9B12CAD4C4000DA54E1 /* XCRemoteSwiftPackageReference "supabase-swift" */;
			productName = Realtime;
		};
		75B7B9BA2CAD4C4000DA54E1 /* Storage */ = {
			isa = XCSwiftPackageProductDependency;
			package = 75B7B9B12CAD4C4000DA54E1 /* XCRemoteSwiftPackageReference "supabase-swift" */;
			productName = Storage;
		};
		75B7B9BD2CAD4ED800DA54E1 /* Supabase */ = {
			isa = XCSwiftPackageProductDependency;
			package = 75B7B9B12CAD4C4000DA54E1 /* XCRemoteSwiftPackageReference "supabase-swift" */;
			productName = Supabase;
		};
/* End XCSwiftPackageProductDependency section */

/* Begin XCVersionGroup section */
		B0996ECB2C9979F0009050EB /* testt.xcdatamodeld */ = {
			isa = XCVersionGroup;
			children = (
				B0996ECC2C9979F0009050EB /* testt.xcdatamodel */,
			);
			currentVersion = B0996ECC2C9979F0009050EB /* testt.xcdatamodel */;
			path = testt.xcdatamodeld;
			sourceTree = "<group>";
			versionGroupType = wrapper.xcdatamodel;
		};
/* End XCVersionGroup section */
	};
	rootObject = B0996EB72C9979F0009050EB /* Project object */;
}
